
Microsoft Visual Studio Solution File, Format Version 12.00
# Visual Studio 15
VisualStudioVersion = 15.0.28010.2046
MinimumVisualStudioVersion = 10.0.40219.1
Project("{9A19103F-16F7-4668-BE54-9A1E7A4F7556}") = "Models", "Models\Models.csproj", "{4A5555CE-F994-4613-8117-95F756366DF4}"
EndProject
Project("{9A19103F-16F7-4668-BE54-9A1E7A4F7556}") = "API", "API\API.csproj", "{AC12084C-8387-435F-91DC-E2253ABA2199}"
EndProject
Project("{9A19103F-16F7-4668-BE54-9A1E7A4F7556}") = "Database", "Database\Database.csproj", "{26781E14-54C9-4B2E-8D9D-025772C8F7B8}"
EndProject
Project("{9A19103F-16F7-4668-BE54-9A1E7A4F7556}") = "Service", "Service\Service.csproj", "{FB27A38E-66C2-442F-A19C-C99C3122D532}"
EndProject
Project("{FAE04EC0-301F-11D3-BF4B-00C04F79EFBC}") = "SpotyPie", "SpotyPie\SpotyPie.csproj", "{3BC0AC7E-3B3B-4D3F-9CC0-B2BDECC460A6}"
EndProject
Global
	GlobalSection(SolutionConfigurationPlatforms) = preSolution
		Debug|Any CPU = Debug|Any CPU
		Release|Any CPU = Release|Any CPU
	EndGlobalSection
	GlobalSection(ProjectConfigurationPlatforms) = postSolution
		{4A5555CE-F994-4613-8117-95F756366DF4}.Debug|Any CPU.ActiveCfg = Debug|Any CPU
		{4A5555CE-F994-4613-8117-95F756366DF4}.Debug|Any CPU.Build.0 = Debug|Any CPU
		{4A5555CE-F994-4613-8117-95F756366DF4}.Release|Any CPU.ActiveCfg = Release|Any CPU
		{4A5555CE-F994-4613-8117-95F756366DF4}.Release|Any CPU.Build.0 = Release|Any CPU
		{AC12084C-8387-435F-91DC-E2253ABA2199}.Debug|Any CPU.ActiveCfg = Debug|Any CPU
		{AC12084C-8387-435F-91DC-E2253ABA2199}.Debug|Any CPU.Build.0 = Debug|Any CPU
		{AC12084C-8387-435F-91DC-E2253ABA2199}.Release|Any CPU.ActiveCfg = Release|Any CPU
		{AC12084C-8387-435F-91DC-E2253ABA2199}.Release|Any CPU.Build.0 = Release|Any CPU
		{26781E14-54C9-4B2E-8D9D-025772C8F7B8}.Debug|Any CPU.ActiveCfg = Debug|Any CPU
		{26781E14-54C9-4B2E-8D9D-025772C8F7B8}.Debug|Any CPU.Build.0 = Debug|Any CPU
		{26781E14-54C9-4B2E-8D9D-025772C8F7B8}.Release|Any CPU.ActiveCfg = Release|Any CPU
		{26781E14-54C9-4B2E-8D9D-025772C8F7B8}.Release|Any CPU.Build.0 = Release|Any CPU
		{FB27A38E-66C2-442F-A19C-C99C3122D532}.Debug|Any CPU.ActiveCfg = Debug|Any CPU
		{FB27A38E-66C2-442F-A19C-C99C3122D532}.Debug|Any CPU.Build.0 = Debug|Any CPU
		{FB27A38E-66C2-442F-A19C-C99C3122D532}.Release|Any CPU.ActiveCfg = Release|Any CPU
		{FB27A38E-66C2-442F-A19C-C99C3122D532}.Release|Any CPU.Build.0 = Release|Any CPU
		{3BC0AC7E-3B3B-4D3F-9CC0-B2BDECC460A6}.Debug|Any CPU.ActiveCfg = Debug|Any CPU
		{3BC0AC7E-3B3B-4D3F-9CC0-B2BDECC460A6}.Debug|Any CPU.Build.0 = Debug|Any CPU
		{3BC0AC7E-3B3B-4D3F-9CC0-B2BDECC460A6}.Debug|Any CPU.Deploy.0 = Debug|Any CPU
		{3BC0AC7E-3B3B-4D3F-9CC0-B2BDECC460A6}.Release|Any CPU.ActiveCfg = Release|Any CPU
		{3BC0AC7E-3B3B-4D3F-9CC0-B2BDECC460A6}.Release|Any CPU.Build.0 = Release|Any CPU
		{3BC0AC7E-3B3B-4D3F-9CC0-B2BDECC460A6}.Release|Any CPU.Deploy.0 = Release|Any CPU
	EndGlobalSection
	GlobalSection(SolutionProperties) = preSolution
		HideSolutionNode = FALSE
	EndGlobalSection
	GlobalSection(ExtensibilityGlobals) = postSolution
		SolutionGuid = {3F3B4232-3E81-46D5-8A5F-99B36C7DDB05}
	EndGlobalSection
EndGlobal
